
Microsoft Visual Studio Solution File, Format Version 12.00
# Visual Studio Version 17
VisualStudioVersion = 17.7.34024.191
MinimumVisualStudioVersion = 10.0.40219.1
Project("{FAE04EC0-301F-11D3-BF4B-00C04F79EFBC}") = "Practice1", "Practice1\Practice1.csproj", "{FDAD7434-1C8C-4E11-B1B1-FF2A224C00F8}"
EndProject
Global
	GlobalSection(SolutionConfigurationPlatforms) = preSolution
		Debug|Any CPU = Debug|Any CPU
		Release|Any CPU = Release|Any CPU
	EndGlobalSection
	GlobalSection(ProjectConfigurationPlatforms) = postSolution
		{FDAD7434-1C8C-4E11-B1B1-FF2A224C00F8}.Debug|Any CPU.ActiveCfg = Debug|Any CPU
		{FDAD7434-1C8C-4E11-B1B1-FF2A224C00F8}.Debug|Any CPU.Build.0 = Debug|Any CPU
		{FDAD7434-1C8C-4E11-B1B1-FF2A224C00F8}.Release|Any CPU.ActiveCfg = Release|Any CPU
		{FDAD7434-1C8C-4E11-B1B1-FF2A224C00F8}.Release|Any CPU.Build.0 = Release|Any CPU
	EndGlobalSection
	GlobalSection(SolutionProperties) = preSolution
		HideSolutionNode = FALSE
	EndGlobalSection
	GlobalSection(ExtensibilityGlobals) = postSolution
		SolutionGuid = {2D9943E4-1B5A-4611-AA3A-63502B358498}
	EndGlobalSection
EndGlobal
